
Microsoft Visual Studio Solution File, Format Version 12.00
# Visual Studio Version 17
VisualStudioVersion = 17.0.31919.166
MinimumVisualStudioVersion = 10.0.40219.1
Project("{FAE04EC0-301F-11D3-BF4B-00C04F79EFBC}") = "UC11_GRAFICOS", "UC11_GRAFICOS\UC11_GRAFICOS.csproj", "{3981D3B6-5BAF-4AF6-8D37-5386908049EE}"
EndProject
Global
	GlobalSection(SolutionConfigurationPlatforms) = preSolution
		Debug|Any CPU = Debug|Any CPU
		Release|Any CPU = Release|Any CPU
	EndGlobalSection
	GlobalSection(ProjectConfigurationPlatforms) = postSolution
		{3981D3B6-5BAF-4AF6-8D37-5386908049EE}.Debug|Any CPU.ActiveCfg = Debug|Any CPU
		{3981D3B6-5BAF-4AF6-8D37-5386908049EE}.Debug|Any CPU.Build.0 = Debug|Any CPU
		{3981D3B6-5BAF-4AF6-8D37-5386908049EE}.Release|Any CPU.ActiveCfg = Release|Any CPU
		{3981D3B6-5BAF-4AF6-8D37-5386908049EE}.Release|Any CPU.Build.0 = Release|Any CPU
	EndGlobalSection
	GlobalSection(SolutionProperties) = preSolution
		HideSolutionNode = FALSE
	EndGlobalSection
	GlobalSection(ExtensibilityGlobals) = postSolution
		SolutionGuid = {270ABF54-02B0-4EAF-B06C-27F64902EB72}
	EndGlobalSection
EndGlobal
